
Microsoft Visual Studio Solution File, Format Version 12.00
# Visual Studio 15
VisualStudioVersion = 15.0.28307.1000
MinimumVisualStudioVersion = 10.0.40219.1
Project("{FAE04EC0-301F-11D3-BF4B-00C04F79EFBC}") = "WindowsFormsApp11", "WindowsFormsApp11\WindowsFormsApp11.csproj", "{FF650D0C-FBD7-4E79-BBB2-193A6956B1D2}"
EndProject
Global
	GlobalSection(SolutionConfigurationPlatforms) = preSolution
		Debug|Any CPU = Debug|Any CPU
		Release|Any CPU = Release|Any CPU
	EndGlobalSection
	GlobalSection(ProjectConfigurationPlatforms) = postSolution
		{FF650D0C-FBD7-4E79-BBB2-193A6956B1D2}.Debug|Any CPU.ActiveCfg = Debug|Any CPU
		{FF650D0C-FBD7-4E79-BBB2-193A6956B1D2}.Debug|Any CPU.Build.0 = Debug|Any CPU
		{FF650D0C-FBD7-4E79-BBB2-193A6956B1D2}.Release|Any CPU.ActiveCfg = Release|Any CPU
		{FF650D0C-FBD7-4E79-BBB2-193A6956B1D2}.Release|Any CPU.Build.0 = Release|Any CPU
	EndGlobalSection
	GlobalSection(SolutionProperties) = preSolution
		HideSolutionNode = FALSE
	EndGlobalSection
	GlobalSection(ExtensibilityGlobals) = postSolution
		SolutionGuid = {5ECD0488-E03F-4E67-9CD1-2FCD6D657128}
	EndGlobalSection
EndGlobal
