
Microsoft Visual Studio Solution File, Format Version 12.00
# Visual Studio 15
VisualStudioVersion = 15.0.28307.1000
MinimumVisualStudioVersion = 10.0.40219.1
Project("{FAE04EC0-301F-11D3-BF4B-00C04F79EFBC}") = "WindowsFormsApp11", "WindowsFormsApp11\WindowsFormsApp11.csproj", "{6FE3AFD6-CD87-4FA9-B6C9-D8CFFC3C9428}"
EndProject
Global
	GlobalSection(SolutionConfigurationPlatforms) = preSolution
		Debug|Any CPU = Debug|Any CPU
		Release|Any CPU = Release|Any CPU
	EndGlobalSection
	GlobalSection(ProjectConfigurationPlatforms) = postSolution
		{6FE3AFD6-CD87-4FA9-B6C9-D8CFFC3C9428}.Debug|Any CPU.ActiveCfg = Debug|Any CPU
		{6FE3AFD6-CD87-4FA9-B6C9-D8CFFC3C9428}.Debug|Any CPU.Build.0 = Debug|Any CPU
		{6FE3AFD6-CD87-4FA9-B6C9-D8CFFC3C9428}.Release|Any CPU.ActiveCfg = Release|Any CPU
		{6FE3AFD6-CD87-4FA9-B6C9-D8CFFC3C9428}.Release|Any CPU.Build.0 = Release|Any CPU
	EndGlobalSection
	GlobalSection(SolutionProperties) = preSolution
		HideSolutionNode = FALSE
	EndGlobalSection
	GlobalSection(ExtensibilityGlobals) = postSolution
		SolutionGuid = {62637E88-4333-453F-A78E-119ABC3CCBDB}
	EndGlobalSection
EndGlobal
