
Microsoft Visual Studio Solution File, Format Version 12.00
# Visual Studio 15
VisualStudioVersion = 15.0.28307.1000
MinimumVisualStudioVersion = 10.0.40219.1
Project("{FAE04EC0-301F-11D3-BF4B-00C04F79EFBC}") = "WindowsFormsApp14", "WindowsFormsApp14\WindowsFormsApp14.csproj", "{9F07E1F2-19F3-48D7-AE94-8AEA1A8AB8D3}"
EndProject
Global
	GlobalSection(SolutionConfigurationPlatforms) = preSolution
		Debug|Any CPU = Debug|Any CPU
		Release|Any CPU = Release|Any CPU
	EndGlobalSection
	GlobalSection(ProjectConfigurationPlatforms) = postSolution
		{9F07E1F2-19F3-48D7-AE94-8AEA1A8AB8D3}.Debug|Any CPU.ActiveCfg = Debug|Any CPU
		{9F07E1F2-19F3-48D7-AE94-8AEA1A8AB8D3}.Debug|Any CPU.Build.0 = Debug|Any CPU
		{9F07E1F2-19F3-48D7-AE94-8AEA1A8AB8D3}.Release|Any CPU.ActiveCfg = Release|Any CPU
		{9F07E1F2-19F3-48D7-AE94-8AEA1A8AB8D3}.Release|Any CPU.Build.0 = Release|Any CPU
	EndGlobalSection
	GlobalSection(SolutionProperties) = preSolution
		HideSolutionNode = FALSE
	EndGlobalSection
	GlobalSection(ExtensibilityGlobals) = postSolution
		SolutionGuid = {E898D40B-6D94-401B-93EA-52678C353C45}
	EndGlobalSection
EndGlobal
